
Microsoft Visual Studio Solution File, Format Version 12.00
# Visual Studio Version 18
VisualStudioVersion = 18.3.11429.125
MinimumVisualStudioVersion = 10.0.40219.1
Project("{2150E333-8FDC-42A3-9474-1A3956D46DE8}") = "Solution Items", "Solution Items", "{7A0A97BE-0539-4ABB-932B-0DE556F509F2}"
	ProjectSection(SolutionItems) = preProject
		server\.editorconfig = server\.editorconfig
		server\.gitignore = server\.gitignore
		server\Dockerfile = server\Dockerfile
	EndProjectSection
EndProject
Project("{2150E333-8FDC-42A3-9474-1A3956D46DE8}") = "Tests", "Tests", "{0AB3BF05-4346-4AA6-1389-037BE0695223}"
EndProject
Project("{FAE04EC0-301F-11D3-BF4B-00C04F79EFBC}") = "Bootstrap", "server\Bootstrap\Bootstrap.csproj", "{BDF45601-0C77-4D2F-A54A-2ACD0FC4643D}"
EndProject
Project("{FAE04EC0-301F-11D3-BF4B-00C04F79EFBC}") = "Presentation.Tests.Integration", "server\Tests\Presentation.Tests.Integration\Presentation.Tests.Integration.csproj", "{DB1BBAA8-2148-839E-8991-0B225B45254D}"
EndProject
Project("{2150E333-8FDC-42A3-9474-1A3956D46DE8}") = "Libs", "Libs", "{816C1290-7274-4CCC-8BD0-EA9A5648C950}"
EndProject
Project("{FAE04EC0-301F-11D3-BF4B-00C04F79EFBC}") = "Application", "server\Libs\Application\Application.csproj", "{EF719DAE-6E47-62E5-6B31-87554B8155C1}"
EndProject
Project("{FAE04EC0-301F-11D3-BF4B-00C04F79EFBC}") = "Domain", "server\Libs\Domain\Domain.csproj", "{44BB35F8-0433-BD17-E794-2D3F1789C488}"
EndProject
Project("{FAE04EC0-301F-11D3-BF4B-00C04F79EFBC}") = "Infrastructure", "server\Libs\Infrastructure\Infrastructure.csproj", "{A285526C-6994-5FB8-B1E7-B254F1419B9F}"
EndProject
Project("{FAE04EC0-301F-11D3-BF4B-00C04F79EFBC}") = "Presentation", "server\Libs\Presentation\Presentation.csproj", "{7B194FDD-36E6-4F3F-A9FD-ED98056D3B76}"
EndProject
Global
	GlobalSection(SolutionConfigurationPlatforms) = preSolution
		Debug|Any CPU = Debug|Any CPU
		Release|Any CPU = Release|Any CPU
	EndGlobalSection
	GlobalSection(ProjectConfigurationPlatforms) = postSolution
		{BDF45601-0C77-4D2F-A54A-2ACD0FC4643D}.Debug|Any CPU.ActiveCfg = Debug|Any CPU
		{BDF45601-0C77-4D2F-A54A-2ACD0FC4643D}.Debug|Any CPU.Build.0 = Debug|Any CPU
		{BDF45601-0C77-4D2F-A54A-2ACD0FC4643D}.Release|Any CPU.ActiveCfg = Release|Any CPU
		{BDF45601-0C77-4D2F-A54A-2ACD0FC4643D}.Release|Any CPU.Build.0 = Release|Any CPU
		{DB1BBAA8-2148-839E-8991-0B225B45254D}.Debug|Any CPU.ActiveCfg = Debug|Any CPU
		{DB1BBAA8-2148-839E-8991-0B225B45254D}.Debug|Any CPU.Build.0 = Debug|Any CPU
		{DB1BBAA8-2148-839E-8991-0B225B45254D}.Release|Any CPU.ActiveCfg = Release|Any CPU
		{DB1BBAA8-2148-839E-8991-0B225B45254D}.Release|Any CPU.Build.0 = Release|Any CPU
		{EF719DAE-6E47-62E5-6B31-87554B8155C1}.Debug|Any CPU.ActiveCfg = Debug|Any CPU
		{EF719DAE-6E47-62E5-6B31-87554B8155C1}.Debug|Any CPU.Build.0 = Debug|Any CPU
		{EF719DAE-6E47-62E5-6B31-87554B8155C1}.Release|Any CPU.ActiveCfg = Release|Any CPU
		{EF719DAE-6E47-62E5-6B31-87554B8155C1}.Release|Any CPU.Build.0 = Release|Any CPU
		{44BB35F8-0433-BD17-E794-2D3F1789C488}.Debug|Any CPU.ActiveCfg = Debug|Any CPU
		{44BB35F8-0433-BD17-E794-2D3F1789C488}.Debug|Any CPU.Build.0 = Debug|Any CPU
		{44BB35F8-0433-BD17-E794-2D3F1789C488}.Release|Any CPU.ActiveCfg = Release|Any CPU
		{44BB35F8-0433-BD17-E794-2D3F1789C488}.Release|Any CPU.Build.0 = Release|Any CPU
		{A285526C-6994-5FB8-B1E7-B254F1419B9F}.Debug|Any CPU.ActiveCfg = Debug|Any CPU
		{A285526C-6994-5FB8-B1E7-B254F1419B9F}.Debug|Any CPU.Build.0 = Debug|Any CPU
		{A285526C-6994-5FB8-B1E7-B254F1419B9F}.Release|Any CPU.ActiveCfg = Release|Any CPU
		{A285526C-6994-5FB8-B1E7-B254F1419B9F}.Release|Any CPU.Build.0 = Release|Any CPU
		{7B194FDD-36E6-4F3F-A9FD-ED98056D3B76}.Debug|Any CPU.ActiveCfg = Debug|Any CPU
		{7B194FDD-36E6-4F3F-A9FD-ED98056D3B76}.Debug|Any CPU.Build.0 = Debug|Any CPU
		{7B194FDD-36E6-4F3F-A9FD-ED98056D3B76}.Release|Any CPU.ActiveCfg = Release|Any CPU
		{7B194FDD-36E6-4F3F-A9FD-ED98056D3B76}.Release|Any CPU.Build.0 = Release|Any CPU
	EndGlobalSection
	GlobalSection(SolutionProperties) = preSolution
		HideSolutionNode = FALSE
	EndGlobalSection
	GlobalSection(NestedProjects) = preSolution
		{DB1BBAA8-2148-839E-8991-0B225B45254D} = {0AB3BF05-4346-4AA6-1389-037BE0695223}
		{EF719DAE-6E47-62E5-6B31-87554B8155C1} = {816C1290-7274-4CCC-8BD0-EA9A5648C950}
		{44BB35F8-0433-BD17-E794-2D3F1789C488} = {816C1290-7274-4CCC-8BD0-EA9A5648C950}
		{A285526C-6994-5FB8-B1E7-B254F1419B9F} = {816C1290-7274-4CCC-8BD0-EA9A5648C950}
		{7B194FDD-36E6-4F3F-A9FD-ED98056D3B76} = {816C1290-7274-4CCC-8BD0-EA9A5648C950}
	EndGlobalSection
	GlobalSection(ExtensibilityGlobals) = postSolution
		SolutionGuid = {C7BCD116-E2A9-4B90-9587-1C4A2631E487}
	EndGlobalSection
EndGlobal
